{
	"name": "willni",
	"version": "1.0.0",
	"lockfileVersion": 3,
	"requires": true,
	"packages": {
		"": {
			"name": "willni",
			"version": "1.0.0",
			"license": "ISC",
			"devDependencies": {
				"@braintree/sanitize-url": "^7.1.2",
				"@playwright/browser-chromium": "^1.58.1",
				"@playwright/test": "^1.58.1",
				"cytoscape": "^3.33.1",
				"cytoscape-cose-bilkent": "^4.1.0",
				"dayjs": "^1.11.19",
				"mermaid": "^11.12.2",
				"vitepress": "^1.6.4",
				"vitepress-plugin-mermaid": "^2.0.17",
				"vue": "^3.5.27"
			}
		},
		"../../../node_modules/.pnpm/@playwright+browser-chromium@1.58.1/node_modules/@playwright/browser-chromium": {
			"version": "1.58.1",
			"dev": true,
			"hasInstallScript": true,
			"license": "Apache-2.0",
			"dependencies": {
				"playwright-core": "1.58.1"
			},
			"engines": {
				"node": ">=18"
			}
		},
		"../../../node_modules/.pnpm/@playwright+test@1.58.1/node_modules/@playwright/test": {
			"version": "1.58.1",
			"dev": true,
			"license": "Apache-2.0",
			"dependencies": {
				"playwright": "1.58.1"
			},
			"bin": {
				"playwright": "cli.js"
			},
			"engines": {
				"node": ">=18"
			}
		},
		"../../../node_modules/.pnpm/mermaid@11.12.2/node_modules/mermaid": {
			"version": "11.12.2",
			"dev": true,
			"license": "MIT",
			"dependencies": {
				"@braintree/sanitize-url": "^7.1.1",
				"@iconify/utils": "^3.0.1",
				"@mermaid-js/parser": "^0.6.3",
				"@types/d3": "^7.4.3",
				"cytoscape": "^3.29.3",
				"cytoscape-cose-bilkent": "^4.1.0",
				"cytoscape-fcose": "^2.2.0",
				"d3": "^7.9.0",
				"d3-sankey": "^0.12.3",
				"dagre-d3-es": "7.0.13",
				"dayjs": "^1.11.18",
				"dompurify": "^3.2.5",
				"katex": "^0.16.22",
				"khroma": "^2.1.0",
				"lodash-es": "^4.17.21",
				"marked": "^16.2.1",
				"roughjs": "^4.6.6",
				"stylis": "^4.3.6",
				"ts-dedent": "^2.2.0",
				"uuid": "^11.1.0"
			},
			"devDependencies": {
				"@adobe/jsonschema2md": "^8.0.5",
				"@iconify/types": "^2.0.0",
				"@types/cytoscape": "^3.21.9",
				"@types/cytoscape-fcose": "^2.2.4",
				"@types/d3-sankey": "^0.12.4",
				"@types/d3-scale": "^4.0.9",
				"@types/d3-scale-chromatic": "^3.1.0",
				"@types/d3-selection": "^3.0.11",
				"@types/d3-shape": "^3.1.7",
				"@types/jsdom": "^21.1.7",
				"@types/katex": "^0.16.7",
				"@types/lodash-es": "^4.17.12",
				"@types/micromatch": "^4.0.9",
				"@types/stylis": "^4.2.7",
				"@types/uuid": "^10.0.0",
				"ajv": "^8.17.1",
				"canvas": "^3.1.2",
				"chokidar": "3.6.0",
				"concurrently": "^9.1.2",
				"csstree-validator": "^4.0.1",
				"globby": "^14.1.0",
				"jison": "^0.4.18",
				"js-base64": "^3.7.8",
				"jsdom": "^26.1.0",
				"json-schema-to-typescript": "^15.0.4",
				"micromatch": "^4.0.8",
				"path-browserify": "^1.0.1",
				"prettier": "^3.5.3",
				"remark": "^15.0.1",
				"remark-frontmatter": "^5.0.0",
				"remark-gfm": "^4.0.1",
				"rimraf": "^6.0.1",
				"start-server-and-test": "^2.0.13",
				"type-fest": "^4.35.0",
				"typedoc": "^0.28.12",
				"typedoc-plugin-markdown": "^4.8.1",
				"typescript": "~5.7.3",
				"unist-util-flatmap": "^1.0.0",
				"unist-util-visit": "^5.0.0",
				"vitepress": "^1.6.4",
				"vitepress-plugin-search": "1.0.4-alpha.22"
			}
		},
		"../../../node_modules/.pnpm/vitepress-plugin-mermaid@2.0.17_mermaid@11.12.2_vitepress@1.6.4_@algolia+client-search@_cf31394b8e4e909f4e429ae315bdb7da/node_modules/vitepress-plugin-mermaid": {
			"version": "2.0.17",
			"dev": true,
			"license": "MIT",
			"devDependencies": {
				"vite-plugin-dts": "^3.0.3",
				"vite-plugin-static-copy": "^0.13.1",
				"vitepress": "^1.0.0"
			},
			"optionalDependencies": {
				"@mermaid-js/mermaid-mindmap": "^9.3.0"
			},
			"peerDependencies": {
				"mermaid": "10 || 11",
				"vitepress": "^1.0.0 || ^1.0.0-alpha"
			}
		},
		"../../../node_modules/.pnpm/vitepress@1.6.4_@algolia+client-search@5.47.0_@types+node@25.0.3_@types+react@18.3.18_l_30c5e762179db94ff178c6bc1531cd65/node_modules/vitepress": {
			"version": "1.6.4",
			"dev": true,
			"license": "MIT",
			"dependencies": {
				"@docsearch/css": "3.8.2",
				"@docsearch/js": "3.8.2",
				"@iconify-json/simple-icons": "^1.2.21",
				"@shikijs/core": "^2.1.0",
				"@shikijs/transformers": "^2.1.0",
				"@shikijs/types": "^2.1.0",
				"@types/markdown-it": "^14.1.2",
				"@vitejs/plugin-vue": "^5.2.1",
				"@vue/devtools-api": "^7.7.0",
				"@vue/shared": "^3.5.13",
				"@vueuse/core": "^12.4.0",
				"@vueuse/integrations": "^12.4.0",
				"focus-trap": "^7.6.4",
				"mark.js": "8.11.1",
				"minisearch": "^7.1.1",
				"shiki": "^2.1.0",
				"vite": "^5.4.14",
				"vue": "^3.5.13"
			},
			"bin": {
				"vitepress": "bin/vitepress.js"
			},
			"devDependencies": {
				"@clack/prompts": "^0.9.1",
				"@iconify/utils": "^2.2.1",
				"@mdit-vue/plugin-component": "^2.1.3",
				"@mdit-vue/plugin-frontmatter": "^2.1.3",
				"@mdit-vue/plugin-headers": "^2.1.3",
				"@mdit-vue/plugin-sfc": "^2.1.3",
				"@mdit-vue/plugin-title": "^2.1.3",
				"@mdit-vue/plugin-toc": "^2.1.3",
				"@mdit-vue/shared": "^2.1.3",
				"@polka/compression": "^1.0.0-next.28",
				"@rollup/plugin-alias": "^5.1.1",
				"@rollup/plugin-commonjs": "^28.0.2",
				"@rollup/plugin-json": "^6.1.0",
				"@rollup/plugin-node-resolve": "^16.0.0",
				"@rollup/plugin-replace": "^6.0.2",
				"@types/cross-spawn": "^6.0.6",
				"@types/debug": "^4.1.12",
				"@types/fs-extra": "^11.0.4",
				"@types/lodash.template": "^4.5.3",
				"@types/mark.js": "^8.11.12",
				"@types/markdown-it-attrs": "^4.1.3",
				"@types/markdown-it-container": "^2.0.10",
				"@types/markdown-it-emoji": "^3.0.1",
				"@types/micromatch": "^4.0.9",
				"@types/minimist": "^1.2.5",
				"@types/node": "^22.10.7",
				"@types/postcss-prefix-selector": "^1.16.3",
				"@types/prompts": "^2.4.9",
				"chokidar": "^4.0.3",
				"conventional-changelog-cli": "^5.0.0",
				"cross-spawn": "^7.0.6",
				"debug": "^4.4.0",
				"esbuild": "^0.24.2",
				"execa": "^9.5.2",
				"fs-extra": "^11.3.0",
				"get-port": "^7.1.0",
				"gray-matter": "^4.0.3",
				"lint-staged": "^15.4.1",
				"lodash.template": "^4.5.0",
				"lru-cache": "^11.0.2",
				"markdown-it": "^14.1.0",
				"markdown-it-anchor": "^9.2.0",
				"markdown-it-attrs": "^4.3.1",
				"markdown-it-container": "^4.0.0",
				"markdown-it-emoji": "^3.0.0",
				"markdown-it-mathjax3": "^4.3.2",
				"micromatch": "^4.0.8",
				"minimist": "^1.2.8",
				"nanoid": "^5.0.9",
				"ora": "^8.1.1",
				"p-map": "^7.0.3",
				"path-to-regexp": "^6.3.0",
				"picocolors": "^1.1.1",
				"pkg-dir": "^8.0.0",
				"playwright-chromium": "^1.49.1",
				"polka": "^1.0.0-next.28",
				"postcss-prefix-selector": "^2.1.0",
				"prettier": "^3.4.2",
				"prompts": "^2.4.2",
				"punycode": "^2.3.1",
				"rimraf": "^6.0.1",
				"rollup": "^4.31.0",
				"rollup-plugin-dts": "^6.1.1",
				"rollup-plugin-esbuild": "^6.1.1",
				"semver": "^7.6.3",
				"simple-git-hooks": "^2.11.1",
				"sirv": "^3.0.0",
				"sitemap": "^8.0.0",
				"synckit": "^0.9.2",
				"tinyglobby": "^0.2.10",
				"typescript": "^5.7.3",
				"vitest": "^3.0.3",
				"vue-tsc": "^2.2.0",
				"wait-on": "^8.0.2"
			},
			"peerDependencies": {
				"markdown-it-mathjax3": "^4",
				"postcss": "^8"
			},
			"peerDependenciesMeta": {
				"markdown-it-mathjax3": {
					"optional": true
				},
				"postcss": {
					"optional": true
				}
			}
		},
		"../../../node_modules/.pnpm/vue@3.5.27_typescript@5.9.3/node_modules/vue": {
			"version": "3.5.27",
			"dev": true,
			"license": "MIT",
			"dependencies": {
				"@vue/compiler-dom": "3.5.27",
				"@vue/compiler-sfc": "3.5.27",
				"@vue/runtime-dom": "3.5.27",
				"@vue/server-renderer": "3.5.27",
				"@vue/shared": "3.5.27"
			},
			"peerDependencies": {
				"typescript": "*"
			},
			"peerDependenciesMeta": {
				"typescript": {
					"optional": true
				}
			}
		},
		"node_modules/@braintree/sanitize-url": {
			"version": "7.1.2",
			"resolved": "https://registry.npmjs.org/@braintree/sanitize-url/-/sanitize-url-7.1.2.tgz",
			"integrity": "sha512-jigsZK+sMF/cuiB7sERuo9V7N9jx+dhmHHnQyDSVdpZwVutaBu7WvNYqMDLSgFgfB30n452TP3vjDAvFC973mA==",
			"dev": true,
			"license": "MIT"
		},
		"node_modules/@playwright/browser-chromium": {
			"resolved": "../../../node_modules/.pnpm/@playwright+browser-chromium@1.58.1/node_modules/@playwright/browser-chromium",
			"link": true
		},
		"node_modules/@playwright/test": {
			"resolved": "../../../node_modules/.pnpm/@playwright+test@1.58.1/node_modules/@playwright/test",
			"link": true
		},
		"node_modules/cose-base": {
			"version": "1.0.3",
			"resolved": "https://registry.npmjs.org/cose-base/-/cose-base-1.0.3.tgz",
			"integrity": "sha512-s9whTXInMSgAp/NVXVNuVxVKzGH2qck3aQlVHxDCdAEPgtMKwc4Wq6/QKhgdEdgbLSi9rBTAcPoRa6JpiG4ksg==",
			"dev": true,
			"license": "MIT",
			"dependencies": {
				"layout-base": "^1.0.0"
			}
		},
		"node_modules/cytoscape": {
			"version": "3.33.1",
			"resolved": "https://registry.npmjs.org/cytoscape/-/cytoscape-3.33.1.tgz",
			"integrity": "sha512-iJc4TwyANnOGR1OmWhsS9ayRS3s+XQ185FmuHObThD+5AeJCakAAbWv8KimMTt08xCCLNgneQwFp+JRJOr9qGQ==",
			"dev": true,
			"license": "MIT",
			"engines": {
				"node": ">=0.10"
			}
		},
		"node_modules/cytoscape-cose-bilkent": {
			"version": "4.1.0",
			"resolved": "https://registry.npmjs.org/cytoscape-cose-bilkent/-/cytoscape-cose-bilkent-4.1.0.tgz",
			"integrity": "sha512-wgQlVIUJF13Quxiv5e1gstZ08rnZj2XaLHGoFMYXz7SkNfCDOOteKBE6SYRfA9WxxI/iBc3ajfDoc6hb/MRAHQ==",
			"dev": true,
			"license": "MIT",
			"dependencies": {
				"cose-base": "^1.0.0"
			},
			"peerDependencies": {
				"cytoscape": "^3.2.0"
			}
		},
		"node_modules/dayjs": {
			"version": "1.11.19",
			"resolved": "https://registry.npmjs.org/dayjs/-/dayjs-1.11.19.tgz",
			"integrity": "sha512-t5EcLVS6QPBNqM2z8fakk/NKel+Xzshgt8FFKAn+qwlD1pzZWxh0nVCrvFK7ZDb6XucZeF9z8C7CBWTRIVApAw==",
			"dev": true,
			"license": "MIT"
		},
		"node_modules/layout-base": {
			"version": "1.0.2",
			"resolved": "https://registry.npmjs.org/layout-base/-/layout-base-1.0.2.tgz",
			"integrity": "sha512-8h2oVEZNktL4BH2JCOI90iD1yXwL6iNW7KcCKT2QZgQJR2vbqDsldCTPRU9NifTCqHZci57XvQQ15YTu+sTYPg==",
			"dev": true,
			"license": "MIT"
		},
		"node_modules/mermaid": {
			"resolved": "../../../node_modules/.pnpm/mermaid@11.12.2/node_modules/mermaid",
			"link": true
		},
		"node_modules/vitepress": {
			"resolved": "../../../node_modules/.pnpm/vitepress@1.6.4_@algolia+client-search@5.47.0_@types+node@25.0.3_@types+react@18.3.18_l_30c5e762179db94ff178c6bc1531cd65/node_modules/vitepress",
			"link": true
		},
		"node_modules/vitepress-plugin-mermaid": {
			"resolved": "../../../node_modules/.pnpm/vitepress-plugin-mermaid@2.0.17_mermaid@11.12.2_vitepress@1.6.4_@algolia+client-search@_cf31394b8e4e909f4e429ae315bdb7da/node_modules/vitepress-plugin-mermaid",
			"link": true
		},
		"node_modules/vue": {
			"resolved": "../../../node_modules/.pnpm/vue@3.5.27_typescript@5.9.3/node_modules/vue",
			"link": true
		}
	}
}
